
Microsoft Visual Studio Solution File, Format Version 12.00
# Visual Studio 2013
VisualStudioVersion = 12.0.31101.0
MinimumVisualStudioVersion = 10.0.40219.1
Project("{FAE04EC0-301F-11D3-BF4B-00C04F79EFBC}") = "XunitTwoObjectsEqualityTest", "XunitTwoObjectsEqualityTest\XunitTwoObjectsEqualityTest.csproj", "{D3404F1E-8C25-45E0-9EA0-F393C84AF397}"
EndProject
Project("{2150E333-8FDC-42A3-9474-1A3956D46DE8}") = ".nuget", ".nuget", "{E8F88991-5186-494E-8606-D5AEF69D7B04}"
	ProjectSection(SolutionItems) = preProject
		.nuget\NuGet.Config = .nuget\NuGet.Config
		.nuget\NuGet.exe = .nuget\NuGet.exe
		.nuget\NuGet.targets = .nuget\NuGet.targets
	EndProjectSection
EndProject
Project("{FAE04EC0-301F-11D3-BF4B-00C04F79EFBC}") = "XunitTwoObjectsEquality", "XunitTwoObjectsEquality\XunitTwoObjectsEquality.csproj", "{989148D7-52C4-48CB-85A3-222ABC0DD924}"
EndProject
Global
	GlobalSection(SolutionConfigurationPlatforms) = preSolution
		Debug|Any CPU = Debug|Any CPU
		Release|Any CPU = Release|Any CPU
	EndGlobalSection
	GlobalSection(ProjectConfigurationPlatforms) = postSolution
		{D3404F1E-8C25-45E0-9EA0-F393C84AF397}.Debug|Any CPU.ActiveCfg = Debug|Any CPU
		{D3404F1E-8C25-45E0-9EA0-F393C84AF397}.Debug|Any CPU.Build.0 = Debug|Any CPU
		{D3404F1E-8C25-45E0-9EA0-F393C84AF397}.Release|Any CPU.ActiveCfg = Release|Any CPU
		{D3404F1E-8C25-45E0-9EA0-F393C84AF397}.Release|Any CPU.Build.0 = Release|Any CPU
		{989148D7-52C4-48CB-85A3-222ABC0DD924}.Debug|Any CPU.ActiveCfg = Debug|Any CPU
		{989148D7-52C4-48CB-85A3-222ABC0DD924}.Debug|Any CPU.Build.0 = Debug|Any CPU
		{989148D7-52C4-48CB-85A3-222ABC0DD924}.Release|Any CPU.ActiveCfg = Release|Any CPU
		{989148D7-52C4-48CB-85A3-222ABC0DD924}.Release|Any CPU.Build.0 = Release|Any CPU
	EndGlobalSection
	GlobalSection(SolutionProperties) = preSolution
		HideSolutionNode = FALSE
	EndGlobalSection
EndGlobal
